// !$*UTF8*$!
{
	archiveVersion = 1;
	classes = {
	};
	objectVersion = 77;
	objects = {

/* Begin PBXBuildFile section */
		1F172A562F3639240090B1E6 /* GoPro_HighlightApp.swift in Sources */ = {isa = PBXBuildFile; fileRef = 1F172A352F3639240090B1E6 /* GoPro_HighlightApp.swift */; };
		1F172A572F3639240090B1E6 /* ExportSettings.swift in Sources */ = {isa = PBXBuildFile; fileRef = 1F172A372F3639240090B1E6 /* ExportSettings.swift */; };
		1F172A582F3639240090B1E6 /* GoProVideo.swift in Sources */ = {isa = PBXBuildFile; fileRef = 1F172A382F3639240090B1E6 /* GoProVideo.swift */; };
		1F172A592F3639240090B1E6 /* ProcessingProgress.swift in Sources */ = {isa = PBXBuildFile; fileRef = 1F172A392F3639240090B1E6 /* ProcessingProgress.swift */; };
		1F172A5A2F3639240090B1E6 /* CSVExportService.swift in Sources */ = {isa = PBXBuildFile; fileRef = 1F172A3B2F3639240090B1E6 /* CSVExportService.swift */; };
		1F172A5B2F3639240090B1E6 /* PisteIdentificationService.swift in Sources */ = {isa = PBXBuildFile; fileRef = 1F172A3C2F3639240090B1E6 /* PisteIdentificationService.swift */; };
		1F172A5C2F3639240090B1E6 /* SpeedAnalysisService.swift in Sources */ = {isa = PBXBuildFile; fileRef = 1F172A3D2F3639240090B1E6 /* SpeedAnalysisService.swift */; };
		1F172A5D2F3639240090B1E6 /* GPMFParserService.swift in Sources */ = {isa = PBXBuildFile; fileRef = 1F172A3F2F3639240090B1E6 /* GPMFParserService.swift */; };
		1F172A5E2F3639240090B1E6 /* OverlayRenderService.swift in Sources */ = {isa = PBXBuildFile; fileRef = 1F172A412F3639240090B1E6 /* OverlayRenderService.swift */; };
		1F172A5F2F3639240090B1E6 /* VideoSegmentService.swift in Sources */ = {isa = PBXBuildFile; fileRef = 1F172A422F3639240090B1E6 /* VideoSegmentService.swift */; };
		1F172A602F3639240090B1E6 /* VideoStitchService.swift in Sources */ = {isa = PBXBuildFile; fileRef = 1F172A432F3639240090B1E6 /* VideoStitchService.swift */; };
		1F172A612F3639240090B1E6 /* SettingsViewModel.swift in Sources */ = {isa = PBXBuildFile; fileRef = 1F172A472F3639240090B1E6 /* SettingsViewModel.swift */; };
		1F172A622F3639240090B1E6 /* VideoProcessorViewModel.swift in Sources */ = {isa = PBXBuildFile; fileRef = 1F172A482F3639240090B1E6 /* VideoProcessorViewModel.swift */; };
		1F172A632F3639240090B1E6 /* ContentView.swift in Sources */ = {isa = PBXBuildFile; fileRef = 1F172A4B2F3639240090B1E6 /* ContentView.swift */; };
		1F172A642F3639240090B1E6 /* ExportSettingsView.swift in Sources */ = {isa = PBXBuildFile; fileRef = 1F172A4E2F3639240090B1E6 /* ExportSettingsView.swift */; };
		1F172A652F3639240090B1E6 /* HighlightSettingsView.swift in Sources */ = {isa = PBXBuildFile; fileRef = 1F172A4F2F3639240090B1E6 /* HighlightSettingsView.swift */; };
		1F172A662F3639240090B1E6 /* MaxSpeedSettingsView.swift in Sources */ = {isa = PBXBuildFile; fileRef = 1F172A502F3639240090B1E6 /* MaxSpeedSettingsView.swift */; };
		1F172A672F3639240090B1E6 /* OverlaySettingsView.swift in Sources */ = {isa = PBXBuildFile; fileRef = 1F172A512F3639240090B1E6 /* OverlaySettingsView.swift */; };
		1F172A682F3639240090B1E6 /* Assets.xcassets in Resources */ = {isa = PBXBuildFile; fileRef = 1F172A542F3639240090B1E6 /* Assets.xcassets */; };
/* End PBXBuildFile section */

/* Begin PBXContainerItemProxy section */
		1F1729B82F36142F0090B1E6 /* PBXContainerItemProxy */ = {
			isa = PBXContainerItemProxy;
			containerPortal = 1F1729A22F36142E0090B1E6 /* Project object */;
			proxyType = 1;
			remoteGlobalIDString = 1F1729A92F36142E0090B1E6;
			remoteInfo = "GoPro Highlight";
		};
		1F1729C22F36142F0090B1E6 /* PBXContainerItemProxy */ = {
			isa = PBXContainerItemProxy;
			containerPortal = 1F1729A22F36142E0090B1E6 /* Project object */;
			proxyType = 1;
			remoteGlobalIDString = 1F1729A92F36142E0090B1E6;
			remoteInfo = "GoPro Highlight";
		};
/* End PBXContainerItemProxy section */

/* Begin PBXFileReference section */
		1F1729AA2F36142E0090B1E6 /* GoPro Highlight.app */ = {isa = PBXFileReference; explicitFileType = wrapper.application; includeInIndex = 0; path = "GoPro Highlight.app"; sourceTree = BUILT_PRODUCTS_DIR; };
		1F1729B72F36142F0090B1E6 /* GoPro HighlightTests.xctest */ = {isa = PBXFileReference; explicitFileType = wrapper.cfbundle; includeInIndex = 0; path = "GoPro HighlightTests.xctest"; sourceTree = BUILT_PRODUCTS_DIR; };
		1F1729C12F36142F0090B1E6 /* GoPro HighlightUITests.xctest */ = {isa = PBXFileReference; explicitFileType = wrapper.cfbundle; includeInIndex = 0; path = "GoPro HighlightUITests.xctest"; sourceTree = BUILT_PRODUCTS_DIR; };
		1F172A352F3639240090B1E6 /* GoPro_HighlightApp.swift */ = {isa = PBXFileReference; lastKnownFileType = sourcecode.swift; path = GoPro_HighlightApp.swift; sourceTree = "<group>"; };
		1F172A372F3639240090B1E6 /* ExportSettings.swift */ = {isa = PBXFileReference; lastKnownFileType = sourcecode.swift; path = ExportSettings.swift; sourceTree = "<group>"; };
		1F172A382F3639240090B1E6 /* GoProVideo.swift */ = {isa = PBXFileReference; lastKnownFileType = sourcecode.swift; path = GoProVideo.swift; sourceTree = "<group>"; };
		1F172A392F3639240090B1E6 /* ProcessingProgress.swift */ = {isa = PBXFileReference; lastKnownFileType = sourcecode.swift; path = ProcessingProgress.swift; sourceTree = "<group>"; };
		1F172A3B2F3639240090B1E6 /* CSVExportService.swift */ = {isa = PBXFileReference; lastKnownFileType = sourcecode.swift; path = CSVExportService.swift; sourceTree = "<group>"; };
		1F172A3C2F3639240090B1E6 /* PisteIdentificationService.swift */ = {isa = PBXFileReference; lastKnownFileType = sourcecode.swift; path = PisteIdentificationService.swift; sourceTree = "<group>"; };
		1F172A3D2F3639240090B1E6 /* SpeedAnalysisService.swift */ = {isa = PBXFileReference; lastKnownFileType = sourcecode.swift; path = SpeedAnalysisService.swift; sourceTree = "<group>"; };
		1F172A3F2F3639240090B1E6 /* GPMFParserService.swift */ = {isa = PBXFileReference; lastKnownFileType = sourcecode.swift; path = GPMFParserService.swift; sourceTree = "<group>"; };
		1F172A412F3639240090B1E6 /* OverlayRenderService.swift */ = {isa = PBXFileReference; lastKnownFileType = sourcecode.swift; path = OverlayRenderService.swift; sourceTree = "<group>"; };
		1F172A422F3639240090B1E6 /* VideoSegmentService.swift */ = {isa = PBXFileReference; lastKnownFileType = sourcecode.swift; path = VideoSegmentService.swift; sourceTree = "<group>"; };
		1F172A432F3639240090B1E6 /* VideoStitchService.swift */ = {isa = PBXFileReference; lastKnownFileType = sourcecode.swift; path = VideoStitchService.swift; sourceTree = "<group>"; };
		1F172A472F3639240090B1E6 /* SettingsViewModel.swift */ = {isa = PBXFileReference; lastKnownFileType = sourcecode.swift; path = SettingsViewModel.swift; sourceTree = "<group>"; };
		1F172A482F3639240090B1E6 /* VideoProcessorViewModel.swift */ = {isa = PBXFileReference; lastKnownFileType = sourcecode.swift; path = VideoProcessorViewModel.swift; sourceTree = "<group>"; };
		1F172A4B2F3639240090B1E6 /* ContentView.swift */ = {isa = PBXFileReference; lastKnownFileType = sourcecode.swift; path = ContentView.swift; sourceTree = "<group>"; };
		1F172A4E2F3639240090B1E6 /* ExportSettingsView.swift */ = {isa = PBXFileReference; lastKnownFileType = sourcecode.swift; path = ExportSettingsView.swift; sourceTree = "<group>"; };
		1F172A4F2F3639240090B1E6 /* HighlightSettingsView.swift */ = {isa = PBXFileReference; lastKnownFileType = sourcecode.swift; path = HighlightSettingsView.swift; sourceTree = "<group>"; };
		1F172A502F3639240090B1E6 /* MaxSpeedSettingsView.swift */ = {isa = PBXFileReference; lastKnownFileType = sourcecode.swift; path = MaxSpeedSettingsView.swift; sourceTree = "<group>"; };
		1F172A512F3639240090B1E6 /* OverlaySettingsView.swift */ = {isa = PBXFileReference; lastKnownFileType = sourcecode.swift; path = OverlaySettingsView.swift; sourceTree = "<group>"; };
		1F172A542F3639240090B1E6 /* Assets.xcassets */ = {isa = PBXFileReference; lastKnownFileType = folder.assetcatalog; path = Assets.xcassets; sourceTree = "<group>"; };
/* End PBXFileReference section */

/* Begin PBXFileSystemSynchronizedRootGroup section */
		1F1729BA2F36142F0090B1E6 /* GoPro HighlightTests */ = {
			isa = PBXFileSystemSynchronizedRootGroup;
			path = "GoPro HighlightTests";
			sourceTree = "<group>";
		};
		1F1729C42F36142F0090B1E6 /* GoPro HighlightUITests */ = {
			isa = PBXFileSystemSynchronizedRootGroup;
			path = "GoPro HighlightUITests";
			sourceTree = "<group>";
		};
/* End PBXFileSystemSynchronizedRootGroup section */

/* Begin PBXFrameworksBuildPhase section */
		1F1729A72F36142E0090B1E6 /* Frameworks */ = {
			isa = PBXFrameworksBuildPhase;
			buildActionMask = 2147483647;
			files = (
			);
			runOnlyForDeploymentPostprocessing = 0;
		};
		1F1729B42F36142F0090B1E6 /* Frameworks */ = {
			isa = PBXFrameworksBuildPhase;
			buildActionMask = 2147483647;
			files = (
			);
			runOnlyForDeploymentPostprocessing = 0;
		};
		1F1729BE2F36142F0090B1E6 /* Frameworks */ = {
			isa = PBXFrameworksBuildPhase;
			buildActionMask = 2147483647;
			files = (
			);
			runOnlyForDeploymentPostprocessing = 0;
		};
/* End PBXFrameworksBuildPhase section */

/* Begin PBXGroup section */
		1F1729A12F36142E0090B1E6 = {
			isa = PBXGroup;
			children = (
				1F172A552F3639240090B1E6 /* GoPro Highlight */,
				1F1729BA2F36142F0090B1E6 /* GoPro HighlightTests */,
				1F1729C42F36142F0090B1E6 /* GoPro HighlightUITests */,
				1F1729AB2F36142E0090B1E6 /* Products */,
			);
			sourceTree = "<group>";
		};
		1F1729AB2F36142E0090B1E6 /* Products */ = {
			isa = PBXGroup;
			children = (
				1F1729AA2F36142E0090B1E6 /* GoPro Highlight.app */,
				1F1729B72F36142F0090B1E6 /* GoPro HighlightTests.xctest */,
				1F1729C12F36142F0090B1E6 /* GoPro HighlightUITests.xctest */,
			);
			name = Products;
			sourceTree = "<group>";
		};
		1F172A362F3639240090B1E6 /* App */ = {
			isa = PBXGroup;
			children = (
				1F172A352F3639240090B1E6 /* GoPro_HighlightApp.swift */,
			);
			path = App;
			sourceTree = "<group>";
		};
		1F172A3A2F3639240090B1E6 /* Models */ = {
			isa = PBXGroup;
			children = (
				1F172A372F3639240090B1E6 /* ExportSettings.swift */,
				1F172A382F3639240090B1E6 /* GoProVideo.swift */,
				1F172A392F3639240090B1E6 /* ProcessingProgress.swift */,
			);
			path = Models;
			sourceTree = "<group>";
		};
		1F172A3E2F3639240090B1E6 /* Analysis */ = {
			isa = PBXGroup;
			children = (
				1F172A3B2F3639240090B1E6 /* CSVExportService.swift */,
				1F172A3C2F3639240090B1E6 /* PisteIdentificationService.swift */,
				1F172A3D2F3639240090B1E6 /* SpeedAnalysisService.swift */,
			);
			path = Analysis;
			sourceTree = "<group>";
		};
		1F172A402F3639240090B1E6 /* GPMF */ = {
			isa = PBXGroup;
			children = (
				1F172A3F2F3639240090B1E6 /* GPMFParserService.swift */,
			);
			path = GPMF;
			sourceTree = "<group>";
		};
		1F172A442F3639240090B1E6 /* Video */ = {
			isa = PBXGroup;
			children = (
				1F172A412F3639240090B1E6 /* OverlayRenderService.swift */,
				1F172A422F3639240090B1E6 /* VideoSegmentService.swift */,
				1F172A432F3639240090B1E6 /* VideoStitchService.swift */,
			);
			path = Video;
			sourceTree = "<group>";
		};
		1F172A452F3639240090B1E6 /* Services */ = {
			isa = PBXGroup;
			children = (
				1F172A3E2F3639240090B1E6 /* Analysis */,
				1F172A402F3639240090B1E6 /* GPMF */,
				1F172A442F3639240090B1E6 /* Video */,
			);
			path = Services;
			sourceTree = "<group>";
		};
		1F172A462F3639240090B1E6 /* Utilities */ = {
			isa = PBXGroup;
			children = (
			);
			path = Utilities;
			sourceTree = "<group>";
		};
		1F172A492F3639240090B1E6 /* ViewModels */ = {
			isa = PBXGroup;
			children = (
				1F172A472F3639240090B1E6 /* SettingsViewModel.swift */,
				1F172A482F3639240090B1E6 /* VideoProcessorViewModel.swift */,
			);
			path = ViewModels;
			sourceTree = "<group>";
		};
		1F172A4A2F3639240090B1E6 /* Components */ = {
			isa = PBXGroup;
			children = (
			);
			path = Components;
			sourceTree = "<group>";
		};
		1F172A4C2F3639240090B1E6 /* Main */ = {
			isa = PBXGroup;
			children = (
				1F172A4B2F3639240090B1E6 /* ContentView.swift */,
			);
			path = Main;
			sourceTree = "<group>";
		};
		1F172A4D2F3639240090B1E6 /* Processing */ = {
			isa = PBXGroup;
			children = (
			);
			path = Processing;
			sourceTree = "<group>";
		};
		1F172A522F3639240090B1E6 /* Settings */ = {
			isa = PBXGroup;
			children = (
				1F172A4E2F3639240090B1E6 /* ExportSettingsView.swift */,
				1F172A4F2F3639240090B1E6 /* HighlightSettingsView.swift */,
				1F172A502F3639240090B1E6 /* MaxSpeedSettingsView.swift */,
				1F172A512F3639240090B1E6 /* OverlaySettingsView.swift */,
			);
			path = Settings;
			sourceTree = "<group>";
		};
		1F172A532F3639240090B1E6 /* Views */ = {
			isa = PBXGroup;
			children = (
				1F172A4A2F3639240090B1E6 /* Components */,
				1F172A4C2F3639240090B1E6 /* Main */,
				1F172A4D2F3639240090B1E6 /* Processing */,
				1F172A522F3639240090B1E6 /* Settings */,
			);
			path = Views;
			sourceTree = "<group>";
		};
		1F172A552F3639240090B1E6 /* GoPro Highlight */ = {
			isa = PBXGroup;
			children = (
				1F172A362F3639240090B1E6 /* App */,
				1F172A3A2F3639240090B1E6 /* Models */,
				1F172A452F3639240090B1E6 /* Services */,
				1F172A462F3639240090B1E6 /* Utilities */,
				1F172A492F3639240090B1E6 /* ViewModels */,
				1F172A532F3639240090B1E6 /* Views */,
				1F172A542F3639240090B1E6 /* Assets.xcassets */,
			);
			path = "GoPro Highlight";
			sourceTree = "<group>";
		};
/* End PBXGroup section */

/* Begin PBXNativeTarget section */
		1F1729A92F36142E0090B1E6 /* GoPro Highlight */ = {
			isa = PBXNativeTarget;
			buildConfigurationList = 1F1729CB2F36142F0090B1E6 /* Build configuration list for PBXNativeTarget "GoPro Highlight" */;
			buildPhases = (
				1F1729A62F36142E0090B1E6 /* Sources */,
				1F1729A72F36142E0090B1E6 /* Frameworks */,
				1F1729A82F36142E0090B1E6 /* Resources */,
			);
			buildRules = (
			);
			dependencies = (
			);
			name = "GoPro Highlight";
			packageProductDependencies = (
			);
			productName = "GoPro Highlight";
			productReference = 1F1729AA2F36142E0090B1E6 /* GoPro Highlight.app */;
			productType = "com.apple.product-type.application";
		};
		1F1729B62F36142F0090B1E6 /* GoPro HighlightTests */ = {
			isa = PBXNativeTarget;
			buildConfigurationList = 1F1729CE2F36142F0090B1E6 /* Build configuration list for PBXNativeTarget "GoPro HighlightTests" */;
			buildPhases = (
				1F1729B32F36142F0090B1E6 /* Sources */,
				1F1729B42F36142F0090B1E6 /* Frameworks */,
				1F1729B52F36142F0090B1E6 /* Resources */,
			);
			buildRules = (
			);
			dependencies = (
				1F1729B92F36142F0090B1E6 /* PBXTargetDependency */,
			);
			fileSystemSynchronizedGroups = (
				1F1729BA2F36142F0090B1E6 /* GoPro HighlightTests */,
			);
			name = "GoPro HighlightTests";
			packageProductDependencies = (
			);
			productName = "GoPro HighlightTests";
			productReference = 1F1729B72F36142F0090B1E6 /* GoPro HighlightTests.xctest */;
			productType = "com.apple.product-type.bundle.unit-test";
		};
		1F1729C02F36142F0090B1E6 /* GoPro HighlightUITests */ = {
			isa = PBXNativeTarget;
			buildConfigurationList = 1F1729D12F36142F0090B1E6 /* Build configuration list for PBXNativeTarget "GoPro HighlightUITests" */;
			buildPhases = (
				1F1729BD2F36142F0090B1E6 /* Sources */,
				1F1729BE2F36142F0090B1E6 /* Frameworks */,
				1F1729BF2F36142F0090B1E6 /* Resources */,
			);
			buildRules = (
			);
			dependencies = (
				1F1729C32F36142F0090B1E6 /* PBXTargetDependency */,
			);
			fileSystemSynchronizedGroups = (
				1F1729C42F36142F0090B1E6 /* GoPro HighlightUITests */,
			);
			name = "GoPro HighlightUITests";
			packageProductDependencies = (
			);
			productName = "GoPro HighlightUITests";
			productReference = 1F1729C12F36142F0090B1E6 /* GoPro HighlightUITests.xctest */;
			productType = "com.apple.product-type.bundle.ui-testing";
		};
/* End PBXNativeTarget section */

/* Begin PBXProject section */
		1F1729A22F36142E0090B1E6 /* Project object */ = {
			isa = PBXProject;
			attributes = {
				BuildIndependentTargetsInParallel = 1;
				LastSwiftUpdateCheck = 2620;
				LastUpgradeCheck = 2620;
				TargetAttributes = {
					1F1729A92F36142E0090B1E6 = {
						CreatedOnToolsVersion = 26.2;
					};
					1F1729B62F36142F0090B1E6 = {
						CreatedOnToolsVersion = 26.2;
						TestTargetID = 1F1729A92F36142E0090B1E6;
					};
					1F1729C02F36142F0090B1E6 = {
						CreatedOnToolsVersion = 26.2;
						TestTargetID = 1F1729A92F36142E0090B1E6;
					};
				};
			};
			buildConfigurationList = 1F1729A52F36142E0090B1E6 /* Build configuration list for PBXProject "GoPro Highlight" */;
			developmentRegion = en;
			hasScannedForEncodings = 0;
			knownRegions = (
				en,
				Base,
			);
			mainGroup = 1F1729A12F36142E0090B1E6;
			minimizedProjectReferenceProxies = 1;
			packageReferences = (
				1F172A692F3639A00090B1E6 /* XCRemoteSwiftPackageReference "gpmf-parser" */,
			);
			preferredProjectObjectVersion = 77;
			productRefGroup = 1F1729AB2F36142E0090B1E6 /* Products */;
			projectDirPath = "";
			projectRoot = "";
			targets = (
				1F1729A92F36142E0090B1E6 /* GoPro Highlight */,
				1F1729B62F36142F0090B1E6 /* GoPro HighlightTests */,
				1F1729C02F36142F0090B1E6 /* GoPro HighlightUITests */,
			);
		};
/* End PBXProject section */

/* Begin PBXResourcesBuildPhase section */
		1F1729A82F36142E0090B1E6 /* Resources */ = {
			isa = PBXResourcesBuildPhase;
			buildActionMask = 2147483647;
			files = (
				1F172A682F3639240090B1E6 /* Assets.xcassets in Resources */,
			);
			runOnlyForDeploymentPostprocessing = 0;
		};
		1F1729B52F36142F0090B1E6 /* Resources */ = {
			isa = PBXResourcesBuildPhase;
			buildActionMask = 2147483647;
			files = (
			);
			runOnlyForDeploymentPostprocessing = 0;
		};
		1F1729BF2F36142F0090B1E6 /* Resources */ = {
			isa = PBXResourcesBuildPhase;
			buildActionMask = 2147483647;
			files = (
			);
			runOnlyForDeploymentPostprocessing = 0;
		};
/* End PBXResourcesBuildPhase section */

/* Begin PBXSourcesBuildPhase section */
		1F1729A62F36142E0090B1E6 /* Sources */ = {
			isa = PBXSourcesBuildPhase;
			buildActionMask = 2147483647;
			files = (
				1F172A562F3639240090B1E6 /* GoPro_HighlightApp.swift in Sources */,
				1F172A572F3639240090B1E6 /* ExportSettings.swift in Sources */,
				1F172A582F3639240090B1E6 /* GoProVideo.swift in Sources */,
				1F172A592F3639240090B1E6 /* ProcessingProgress.swift in Sources */,
				1F172A5A2F3639240090B1E6 /* CSVExportService.swift in Sources */,
				1F172A5B2F3639240090B1E6 /* PisteIdentificationService.swift in Sources */,
				1F172A5C2F3639240090B1E6 /* SpeedAnalysisService.swift in Sources */,
				1F172A5D2F3639240090B1E6 /* GPMFParserService.swift in Sources */,
				1F172A5E2F3639240090B1E6 /* OverlayRenderService.swift in Sources */,
				1F172A5F2F3639240090B1E6 /* VideoSegmentService.swift in Sources */,
				1F172A602F3639240090B1E6 /* VideoStitchService.swift in Sources */,
				1F172A612F3639240090B1E6 /* SettingsViewModel.swift in Sources */,
				1F172A622F3639240090B1E6 /* VideoProcessorViewModel.swift in Sources */,
				1F172A632F3639240090B1E6 /* ContentView.swift in Sources */,
				1F172A642F3639240090B1E6 /* ExportSettingsView.swift in Sources */,
				1F172A652F3639240090B1E6 /* HighlightSettingsView.swift in Sources */,
				1F172A662F3639240090B1E6 /* MaxSpeedSettingsView.swift in Sources */,
				1F172A672F3639240090B1E6 /* OverlaySettingsView.swift in Sources */,
			);
			runOnlyForDeploymentPostprocessing = 0;
		};
		1F1729B32F36142F0090B1E6 /* Sources */ = {
			isa = PBXSourcesBuildPhase;
			buildActionMask = 2147483647;
			files = (
			);
			runOnlyForDeploymentPostprocessing = 0;
		};
		1F1729BD2F36142F0090B1E6 /* Sources */ = {
			isa = PBXSourcesBuildPhase;
			buildActionMask = 2147483647;
			files = (
			);
			runOnlyForDeploymentPostprocessing = 0;
		};
/* End PBXSourcesBuildPhase section */

/* Begin PBXTargetDependency section */
		1F1729B92F36142F0090B1E6 /* PBXTargetDependency */ = {
			isa = PBXTargetDependency;
			target = 1F1729A92F36142E0090B1E6 /* GoPro Highlight */;
			targetProxy = 1F1729B82F36142F0090B1E6 /* PBXContainerItemProxy */;
		};
		1F1729C32F36142F0090B1E6 /* PBXTargetDependency */ = {
			isa = PBXTargetDependency;
			target = 1F1729A92F36142E0090B1E6 /* GoPro Highlight */;
			targetProxy = 1F1729C22F36142F0090B1E6 /* PBXContainerItemProxy */;
		};
/* End PBXTargetDependency section */

/* Begin XCBuildConfiguration section */
		1F1729C92F36142F0090B1E6 /* Debug */ = {
			isa = XCBuildConfiguration;
			buildSettings = {
				ALWAYS_SEARCH_USER_PATHS = NO;
				ASSETCATALOG_COMPILER_GENERATE_SWIFT_ASSET_SYMBOL_EXTENSIONS = YES;
				CLANG_ANALYZER_NONNULL = YES;
				CLANG_ANALYZER_NUMBER_OBJECT_CONVERSION = YES_AGGRESSIVE;
				CLANG_CXX_LANGUAGE_STANDARD = "gnu++20";
				CLANG_ENABLE_MODULES = YES;
				CLANG_ENABLE_OBJC_ARC = YES;
				CLANG_ENABLE_OBJC_WEAK = YES;
				CLANG_WARN_BLOCK_CAPTURE_AUTORELEASING = YES;
				CLANG_WARN_BOOL_CONVERSION = YES;
				CLANG_WARN_COMMA = YES;
				CLANG_WARN_CONSTANT_CONVERSION = YES;
				CLANG_WARN_DEPRECATED_OBJC_IMPLEMENTATIONS = YES;
				CLANG_WARN_DIRECT_OBJC_ISA_USAGE = YES_ERROR;
				CLANG_WARN_DOCUMENTATION_COMMENTS = YES;
				CLANG_WARN_EMPTY_BODY = YES;
				CLANG_WARN_ENUM_CONVERSION = YES;
				CLANG_WARN_INFINITE_RECURSION = YES;
				CLANG_WARN_INT_CONVERSION = YES;
				CLANG_WARN_NON_LITERAL_NULL_CONVERSION = YES;
				CLANG_WARN_OBJC_IMPLICIT_RETAIN_SELF = YES;
				CLANG_WARN_OBJC_LITERAL_CONVERSION = YES;
				CLANG_WARN_OBJC_ROOT_CLASS = YES_ERROR;
				CLANG_WARN_QUOTED_INCLUDE_IN_FRAMEWORK_HEADER = YES;
				CLANG_WARN_RANGE_LOOP_ANALYSIS = YES;
				CLANG_WARN_STRICT_PROTOTYPES = YES;
				CLANG_WARN_SUSPICIOUS_MOVE = YES;
				CLANG_WARN_UNGUARDED_AVAILABILITY = YES_AGGRESSIVE;
				CLANG_WARN_UNREACHABLE_CODE = YES;
				CLANG_WARN__DUPLICATE_METHOD_MATCH = YES;
				COPY_PHASE_STRIP = NO;
				DEBUG_INFORMATION_FORMAT = dwarf;
				ENABLE_STRICT_OBJC_MSGSEND = YES;
				ENABLE_TESTABILITY = YES;
				ENABLE_USER_SCRIPT_SANDBOXING = YES;
				GCC_C_LANGUAGE_STANDARD = gnu17;
				GCC_DYNAMIC_NO_PIC = NO;
				GCC_NO_COMMON_BLOCKS = YES;
				GCC_OPTIMIZATION_LEVEL = 0;
				GCC_PREPROCESSOR_DEFINITIONS = (
					"DEBUG=1",
					"$(inherited)",
				);
				GCC_WARN_64_TO_32_BIT_CONVERSION = YES;
				GCC_WARN_ABOUT_RETURN_TYPE = YES_ERROR;
				GCC_WARN_UNDECLARED_SELECTOR = YES;
				GCC_WARN_UNINITIALIZED_AUTOS = YES_AGGRESSIVE;
				GCC_WARN_UNUSED_FUNCTION = YES;
				GCC_WARN_UNUSED_VARIABLE = YES;
				LOCALIZATION_PREFERS_STRING_CATALOGS = YES;
				MACOSX_DEPLOYMENT_TARGET = 26.1;
				MTL_ENABLE_DEBUG_INFO = INCLUDE_SOURCE;
				MTL_FAST_MATH = YES;
				ONLY_ACTIVE_ARCH = YES;
				SDKROOT = macosx;
				SWIFT_ACTIVE_COMPILATION_CONDITIONS = "DEBUG $(inherited)";
				SWIFT_OPTIMIZATION_LEVEL = "-Onone";
			};
			name = Debug;
		};
		1F1729CA2F36142F0090B1E6 /* Release */ = {
			isa = XCBuildConfiguration;
			buildSettings = {
				ALWAYS_SEARCH_USER_PATHS = NO;
				ASSETCATALOG_COMPILER_GENERATE_SWIFT_ASSET_SYMBOL_EXTENSIONS = YES;
				CLANG_ANALYZER_NONNULL = YES;
				CLANG_ANALYZER_NUMBER_OBJECT_CONVERSION = YES_AGGRESSIVE;
				CLANG_CXX_LANGUAGE_STANDARD = "gnu++20";
				CLANG_ENABLE_MODULES = YES;
				CLANG_ENABLE_OBJC_ARC = YES;
				CLANG_ENABLE_OBJC_WEAK = YES;
				CLANG_WARN_BLOCK_CAPTURE_AUTORELEASING = YES;
				CLANG_WARN_BOOL_CONVERSION = YES;
				CLANG_WARN_COMMA = YES;
				CLANG_WARN_CONSTANT_CONVERSION = YES;
				CLANG_WARN_DEPRECATED_OBJC_IMPLEMENTATIONS = YES;
				CLANG_WARN_DIRECT_OBJC_ISA_USAGE = YES_ERROR;
				CLANG_WARN_DOCUMENTATION_COMMENTS = YES;
				CLANG_WARN_EMPTY_BODY = YES;
				CLANG_WARN_ENUM_CONVERSION = YES;
				CLANG_WARN_INFINITE_RECURSION = YES;
				CLANG_WARN_INT_CONVERSION = YES;
				CLANG_WARN_NON_LITERAL_NULL_CONVERSION = YES;
				CLANG_WARN_OBJC_IMPLICIT_RETAIN_SELF = YES;
				CLANG_WARN_OBJC_LITERAL_CONVERSION = YES;
				CLANG_WARN_OBJC_ROOT_CLASS = YES_ERROR;
				CLANG_WARN_QUOTED_INCLUDE_IN_FRAMEWORK_HEADER = YES;
				CLANG_WARN_RANGE_LOOP_ANALYSIS = YES;
				CLANG_WARN_STRICT_PROTOTYPES = YES;
				CLANG_WARN_SUSPICIOUS_MOVE = YES;
				CLANG_WARN_UNGUARDED_AVAILABILITY = YES_AGGRESSIVE;
				CLANG_WARN_UNREACHABLE_CODE = YES;
				CLANG_WARN__DUPLICATE_METHOD_MATCH = YES;
				COPY_PHASE_STRIP = NO;
				DEBUG_INFORMATION_FORMAT = "dwarf-with-dsym";
				ENABLE_NS_ASSERTIONS = NO;
				ENABLE_STRICT_OBJC_MSGSEND = YES;
				ENABLE_USER_SCRIPT_SANDBOXING = YES;
				GCC_C_LANGUAGE_STANDARD = gnu17;
				GCC_NO_COMMON_BLOCKS = YES;
				GCC_WARN_64_TO_32_BIT_CONVERSION = YES;
				GCC_WARN_ABOUT_RETURN_TYPE = YES_ERROR;
				GCC_WARN_UNDECLARED_SELECTOR = YES;
				GCC_WARN_UNINITIALIZED_AUTOS = YES_AGGRESSIVE;
				GCC_WARN_UNUSED_FUNCTION = YES;
				GCC_WARN_UNUSED_VARIABLE = YES;
				LOCALIZATION_PREFERS_STRING_CATALOGS = YES;
				MACOSX_DEPLOYMENT_TARGET = 26.1;
				MTL_ENABLE_DEBUG_INFO = NO;
				MTL_FAST_MATH = YES;
				SDKROOT = macosx;
				SWIFT_COMPILATION_MODE = wholemodule;
			};
			name = Release;
		};
		1F1729CC2F36142F0090B1E6 /* Debug */ = {
			isa = XCBuildConfiguration;
			buildSettings = {
				ASSETCATALOG_COMPILER_APPICON_NAME = AppIcon;
				ASSETCATALOG_COMPILER_GLOBAL_ACCENT_COLOR_NAME = AccentColor;
				"CODE_SIGN_IDENTITY[sdk=macosx*]" = "Apple Development";
				CODE_SIGN_STYLE = Automatic;
				COMBINE_HIDPI_IMAGES = YES;
				CURRENT_PROJECT_VERSION = 1;
				DEVELOPMENT_TEAM = ZM2RMBGCH2;
				ENABLE_APP_SANDBOX = YES;
				ENABLE_INCOMING_NETWORK_CONNECTIONS = NO;
				ENABLE_OUTGOING_NETWORK_CONNECTIONS = NO;
				ENABLE_PREVIEWS = YES;
				ENABLE_RESOURCE_ACCESS_AUDIO_INPUT = NO;
				ENABLE_RESOURCE_ACCESS_BLUETOOTH = NO;
				ENABLE_RESOURCE_ACCESS_CALENDARS = NO;
				ENABLE_RESOURCE_ACCESS_CAMERA = NO;
				ENABLE_RESOURCE_ACCESS_CONTACTS = NO;
				ENABLE_RESOURCE_ACCESS_LOCATION = NO;
				ENABLE_RESOURCE_ACCESS_PRINTING = NO;
				ENABLE_RESOURCE_ACCESS_USB = NO;
				ENABLE_USER_SELECTED_FILES = readwrite;
				GENERATE_INFOPLIST_FILE = YES;
				INFOPLIST_KEY_NSHumanReadableCopyright = "";
				LD_RUNPATH_SEARCH_PATHS = (
					"$(inherited)",
					"@executable_path/../Frameworks",
				);
				MACOSX_DEPLOYMENT_TARGET = 14.6;
				MARKETING_VERSION = 1.0;
				PRODUCT_BUNDLE_IDENTIFIER = "com.eyalberman.GoPro-Highlight";
				PRODUCT_NAME = "$(TARGET_NAME)";
				REGISTER_APP_GROUPS = YES;
				STRING_CATALOG_GENERATE_SYMBOLS = YES;
				SWIFT_APPROACHABLE_CONCURRENCY = YES;
				SWIFT_DEFAULT_ACTOR_ISOLATION = MainActor;
				SWIFT_EMIT_LOC_STRINGS = YES;
				SWIFT_UPCOMING_FEATURE_MEMBER_IMPORT_VISIBILITY = YES;
				SWIFT_VERSION = 5.0;
			};
			name = Debug;
		};
		1F1729CD2F36142F0090B1E6 /* Release */ = {
			isa = XCBuildConfiguration;
			buildSettings = {
				ASSETCATALOG_COMPILER_APPICON_NAME = AppIcon;
				ASSETCATALOG_COMPILER_GLOBAL_ACCENT_COLOR_NAME = AccentColor;
				"CODE_SIGN_IDENTITY[sdk=macosx*]" = "Apple Development";
				CODE_SIGN_STYLE = Automatic;
				COMBINE_HIDPI_IMAGES = YES;
				CURRENT_PROJECT_VERSION = 1;
				DEVELOPMENT_TEAM = ZM2RMBGCH2;
				ENABLE_APP_SANDBOX = YES;
				ENABLE_INCOMING_NETWORK_CONNECTIONS = NO;
				ENABLE_OUTGOING_NETWORK_CONNECTIONS = NO;
				ENABLE_PREVIEWS = YES;
				ENABLE_RESOURCE_ACCESS_AUDIO_INPUT = NO;
				ENABLE_RESOURCE_ACCESS_BLUETOOTH = NO;
				ENABLE_RESOURCE_ACCESS_CALENDARS = NO;
				ENABLE_RESOURCE_ACCESS_CAMERA = NO;
				ENABLE_RESOURCE_ACCESS_CONTACTS = NO;
				ENABLE_RESOURCE_ACCESS_LOCATION = NO;
				ENABLE_RESOURCE_ACCESS_PRINTING = NO;
				ENABLE_RESOURCE_ACCESS_USB = NO;
				ENABLE_USER_SELECTED_FILES = readwrite;
				GENERATE_INFOPLIST_FILE = YES;
				INFOPLIST_KEY_NSHumanReadableCopyright = "";
				LD_RUNPATH_SEARCH_PATHS = (
					"$(inherited)",
					"@executable_path/../Frameworks",
				);
				MACOSX_DEPLOYMENT_TARGET = 14.6;
				MARKETING_VERSION = 1.0;
				PRODUCT_BUNDLE_IDENTIFIER = "com.eyalberman.GoPro-Highlight";
				PRODUCT_NAME = "$(TARGET_NAME)";
				REGISTER_APP_GROUPS = YES;
				STRING_CATALOG_GENERATE_SYMBOLS = YES;
				SWIFT_APPROACHABLE_CONCURRENCY = YES;
				SWIFT_DEFAULT_ACTOR_ISOLATION = MainActor;
				SWIFT_EMIT_LOC_STRINGS = YES;
				SWIFT_UPCOMING_FEATURE_MEMBER_IMPORT_VISIBILITY = YES;
				SWIFT_VERSION = 5.0;
			};
			name = Release;
		};
		1F1729CF2F36142F0090B1E6 /* Debug */ = {
			isa = XCBuildConfiguration;
			buildSettings = {
				BUNDLE_LOADER = "$(TEST_HOST)";
				CODE_SIGN_STYLE = Automatic;
				CURRENT_PROJECT_VERSION = 1;
				GENERATE_INFOPLIST_FILE = YES;
				MACOSX_DEPLOYMENT_TARGET = 26.1;
				MARKETING_VERSION = 1.0;
				PRODUCT_BUNDLE_IDENTIFIER = "com.eyalberman.GoPro-HighlightTests";
				PRODUCT_NAME = "$(TARGET_NAME)";
				STRING_CATALOG_GENERATE_SYMBOLS = NO;
				SWIFT_APPROACHABLE_CONCURRENCY = YES;
				SWIFT_EMIT_LOC_STRINGS = NO;
				SWIFT_UPCOMING_FEATURE_MEMBER_IMPORT_VISIBILITY = YES;
				SWIFT_VERSION = 5.0;
				TEST_HOST = "$(BUILT_PRODUCTS_DIR)/GoPro Highlight.app/$(BUNDLE_EXECUTABLE_FOLDER_PATH)/GoPro Highlight";
			};
			name = Debug;
		};
		1F1729D02F36142F0090B1E6 /* Release */ = {
			isa = XCBuildConfiguration;
			buildSettings = {
				BUNDLE_LOADER = "$(TEST_HOST)";
				CODE_SIGN_STYLE = Automatic;
				CURRENT_PROJECT_VERSION = 1;
				GENERATE_INFOPLIST_FILE = YES;
				MACOSX_DEPLOYMENT_TARGET = 26.1;
				MARKETING_VERSION = 1.0;
				PRODUCT_BUNDLE_IDENTIFIER = "com.eyalberman.GoPro-HighlightTests";
				PRODUCT_NAME = "$(TARGET_NAME)";
				STRING_CATALOG_GENERATE_SYMBOLS = NO;
				SWIFT_APPROACHABLE_CONCURRENCY = YES;
				SWIFT_EMIT_LOC_STRINGS = NO;
				SWIFT_UPCOMING_FEATURE_MEMBER_IMPORT_VISIBILITY = YES;
				SWIFT_VERSION = 5.0;
				TEST_HOST = "$(BUILT_PRODUCTS_DIR)/GoPro Highlight.app/$(BUNDLE_EXECUTABLE_FOLDER_PATH)/GoPro Highlight";
			};
			name = Release;
		};
		1F1729D22F36142F0090B1E6 /* Debug */ = {
			isa = XCBuildConfiguration;
			buildSettings = {
				CODE_SIGN_STYLE = Automatic;
				CURRENT_PROJECT_VERSION = 1;
				GENERATE_INFOPLIST_FILE = YES;
				MACOSX_DEPLOYMENT_TARGET = 14.6;
				MARKETING_VERSION = 1.0;
				PRODUCT_BUNDLE_IDENTIFIER = "com.eyalberman.GoPro-HighlightUITests";
				PRODUCT_NAME = "$(TARGET_NAME)";
				STRING_CATALOG_GENERATE_SYMBOLS = NO;
				SWIFT_APPROACHABLE_CONCURRENCY = YES;
				SWIFT_EMIT_LOC_STRINGS = NO;
				SWIFT_UPCOMING_FEATURE_MEMBER_IMPORT_VISIBILITY = YES;
				SWIFT_VERSION = 5.0;
				TEST_TARGET_NAME = "GoPro Highlight";
			};
			name = Debug;
		};
		1F1729D32F36142F0090B1E6 /* Release */ = {
			isa = XCBuildConfiguration;
			buildSettings = {
				CODE_SIGN_STYLE = Automatic;
				CURRENT_PROJECT_VERSION = 1;
				GENERATE_INFOPLIST_FILE = YES;
				MACOSX_DEPLOYMENT_TARGET = 14.6;
				MARKETING_VERSION = 1.0;
				PRODUCT_BUNDLE_IDENTIFIER = "com.eyalberman.GoPro-HighlightUITests";
				PRODUCT_NAME = "$(TARGET_NAME)";
				STRING_CATALOG_GENERATE_SYMBOLS = NO;
				SWIFT_APPROACHABLE_CONCURRENCY = YES;
				SWIFT_EMIT_LOC_STRINGS = NO;
				SWIFT_UPCOMING_FEATURE_MEMBER_IMPORT_VISIBILITY = YES;
				SWIFT_VERSION = 5.0;
				TEST_TARGET_NAME = "GoPro Highlight";
			};
			name = Release;
		};
/* End XCBuildConfiguration section */

/* Begin XCConfigurationList section */
		1F1729A52F36142E0090B1E6 /* Build configuration list for PBXProject "GoPro Highlight" */ = {
			isa = XCConfigurationList;
			buildConfigurations = (
				1F1729C92F36142F0090B1E6 /* Debug */,
				1F1729CA2F36142F0090B1E6 /* Release */,
			);
			defaultConfigurationIsVisible = 0;
			defaultConfigurationName = Release;
		};
		1F1729CB2F36142F0090B1E6 /* Build configuration list for PBXNativeTarget "GoPro Highlight" */ = {
			isa = XCConfigurationList;
			buildConfigurations = (
				1F1729CC2F36142F0090B1E6 /* Debug */,
				1F1729CD2F36142F0090B1E6 /* Release */,
			);
			defaultConfigurationIsVisible = 0;
			defaultConfigurationName = Release;
		};
		1F1729CE2F36142F0090B1E6 /* Build configuration list for PBXNativeTarget "GoPro HighlightTests" */ = {
			isa = XCConfigurationList;
			buildConfigurations = (
				1F1729CF2F36142F0090B1E6 /* Debug */,
				1F1729D02F36142F0090B1E6 /* Release */,
			);
			defaultConfigurationIsVisible = 0;
			defaultConfigurationName = Release;
		};
		1F1729D12F36142F0090B1E6 /* Build configuration list for PBXNativeTarget "GoPro HighlightUITests" */ = {
			isa = XCConfigurationList;
			buildConfigurations = (
				1F1729D22F36142F0090B1E6 /* Debug */,
				1F1729D32F36142F0090B1E6 /* Release */,
			);
			defaultConfigurationIsVisible = 0;
			defaultConfigurationName = Release;
		};
/* End XCConfigurationList section */

/* Begin XCRemoteSwiftPackageReference section */
		1F172A692F3639A00090B1E6 /* XCRemoteSwiftPackageReference "gpmf-parser" */ = {
			isa = XCRemoteSwiftPackageReference;
			repositoryURL = "https://github.com/gopro/gpmf-parser";
			requirement = {
				branch = main;
				kind = branch;
			};
		};
/* End XCRemoteSwiftPackageReference section */
	};
	rootObject = 1F1729A22F36142E0090B1E6 /* Project object */;
}
